github.com/goodsign/monday v1.0.1 h1:yJogH0uQNn4blHjoC3ESbdV0P1OhDtGYdd6x0w7QZBo=
github.com/goodsign/monday v1.0.1/go.mod h1:r4T4breXpoFwspQNM+u2sLxJb2zyTaxVGqUfTBjWOu8=
github.com/google/go-cmp v0.5.9 h1:O2Tfq5qg4qc4AmwVlvv0oLiVAGB7enBSJ2x2DqQFi38=
github.com/google/go-cmp v0.5.9/go.mod h1:17dUlkBOakJ0+DkrSSNjCkIjxS6bF9zb3elmeNGIjoY=
